// !$*UTF8*$!
{
	archiveVersion = 1;
	classes = {
	};
	objectVersion = 55;
	objects = {

/* Begin PBXBuildFile section */
		9405D2E428348DEA0040DDC8 /* fiddleApp.swift in Sources */ = {isa = PBXBuildFile; fileRef = 9405D2E328348DEA0040DDC8 /* fiddleApp.swift */; };
		9405D2E628348DEA0040DDC8 /* ContentView.swift in Sources */ = {isa = PBXBuildFile; fileRef = 9405D2E528348DEA0040DDC8 /* ContentView.swift */; };
		9405D2E828348DEB0040DDC8 /* Assets.xcassets in Resources */ = {isa = PBXBuildFile; fileRef = 9405D2E728348DEB0040DDC8 /* Assets.xcassets */; };
		9405D2EB28348DEB0040DDC8 /* Preview Assets.xcassets in Resources */ = {isa = PBXBuildFile; fileRef = 9405D2EA28348DEB0040DDC8 /* Preview Assets.xcassets */; };
		9405D2F528348DEC0040DDC8 /* fiddleTests.swift in Sources */ = {isa = PBXBuildFile; fileRef = 9405D2F428348DEC0040DDC8 /* fiddleTests.swift */; };
		9405D2FF28348DEC0040DDC8 /* fiddleUITests.swift in Sources */ = {isa = PBXBuildFile; fileRef = 9405D2FE28348DEC0040DDC8 /* fiddleUITests.swift */; };
		9405D30128348DEC0040DDC8 /* fiddleUITestsLaunchTests.swift in Sources */ = {isa = PBXBuildFile; fileRef = 9405D30028348DEC0040DDC8 /* fiddleUITestsLaunchTests.swift */; };
/* End PBXBuildFile section */

/* Begin PBXContainerItemProxy section */
		9405D2F128348DEC0040DDC8 /* PBXContainerItemProxy */ = {
			isa = PBXContainerItemProxy;
			containerPortal = 9405D2D828348DEA0040DDC8 /* Project object */;
			proxyType = 1;
			remoteGlobalIDString = 9405D2DF28348DEA0040DDC8;
			remoteInfo = fiddle;
		};
		9405D2FB28348DEC0040DDC8 /* PBXContainerItemProxy */ = {
			isa = PBXContainerItemProxy;
			containerPortal = 9405D2D828348DEA0040DDC8 /* Project object */;
			proxyType = 1;
			remoteGlobalIDString = 9405D2DF28348DEA0040DDC8;
			remoteInfo = fiddle;
		};
/* End PBXContainerItemProxy section */

/* Begin PBXFileReference section */
		9405D2E028348DEA0040DDC8 /* fiddle.app */ = {isa = PBXFileReference; explicitFileType = wrapper.application; includeInIndex = 0; path = fiddle.app; sourceTree = BUILT_PRODUCTS_DIR; };
		9405D2E328348DEA0040DDC8 /* fiddleApp.swift */ = {isa = PBXFileReference; lastKnownFileType = sourcecode.swift; path = fiddleApp.swift; sourceTree = "<group>"; };
		9405D2E528348DEA0040DDC8 /* ContentView.swift */ = {isa = PBXFileReference; lastKnownFileType = sourcecode.swift; path = ContentView.swift; sourceTree = "<group>"; };
		9405D2E728348DEB0040DDC8 /* Assets.xcassets */ = {isa = PBXFileReference; lastKnownFileType = folder.assetcatalog; path = Assets.xcassets; sourceTree = "<group>"; };
		9405D2EA28348DEB0040DDC8 /* Preview Assets.xcassets */ = {isa = PBXFileReference; lastKnownFileType = folder.assetcatalog; path = "Preview Assets.xcassets"; sourceTree = "<group>"; };
		9405D2F028348DEC0040DDC8 /* fiddleTests.xctest */ = {isa = PBXFileReference; explicitFileType = wrapper.cfbundle; includeInIndex = 0; path = fiddleTests.xctest; sourceTree = BUILT_PRODUCTS_DIR; };
		9405D2F428348DEC0040DDC8 /* fiddleTests.swift */ = {isa = PBXFileReference; lastKnownFileType = sourcecode.swift; path = fiddleTests.swift; sourceTree = "<group>"; };
		9405D2FA28348DEC0040DDC8 /* fiddleUITests.xctest */ = {isa = PBXFileReference; explicitFileType = wrapper.cfbundle; includeInIndex = 0; path = fiddleUITests.xctest; sourceTree = BUILT_PRODUCTS_DIR; };
		9405D2FE28348DEC0040DDC8 /* fiddleUITests.swift */ = {isa = PBXFileReference; lastKnownFileType = sourcecode.swift; path = fiddleUITests.swift; sourceTree = "<group>"; };
		9405D30028348DEC0040DDC8 /* fiddleUITestsLaunchTests.swift */ = {isa = PBXFileReference; lastKnownFileType = sourcecode.swift; path = fiddleUITestsLaunchTests.swift; sourceTree = "<group>"; };
		9405D30D2835EBB10040DDC8 /* scratch.playground */ = {isa = PBXFileReference; lastKnownFileType = file.playground; path = scratch.playground; sourceTree = "<group>"; xcLanguageSpecificationIdentifier = xcode.lang.swift; };
/* End PBXFileReference section */

/* Begin PBXFrameworksBuildPhase section */
		9405D2DD28348DEA0040DDC8 /* Frameworks */ = {
			isa = PBXFrameworksBuildPhase;
			buildActionMask = 2147483647;
			files = (
			);
			runOnlyForDeploymentPostprocessing = 0;
		};
		9405D2ED28348DEC0040DDC8 /* Frameworks */ = {
			isa = PBXFrameworksBuildPhase;
			buildActionMask = 2147483647;
			files = (
			);
			runOnlyForDeploymentPostprocessing = 0;
		};
		9405D2F728348DEC0040DDC8 /* Frameworks */ = {
			isa = PBXFrameworksBuildPhase;
			buildActionMask = 2147483647;
			files = (
			);
			runOnlyForDeploymentPostprocessing = 0;
		};
/* End PBXFrameworksBuildPhase section */

/* Begin PBXGroup section */
		9405D2D728348DEA0040DDC8 = {
			isa = PBXGroup;
			children = (
				9405D2E228348DEA0040DDC8 /* fiddle */,
				9405D2F328348DEC0040DDC8 /* fiddleTests */,
				9405D2FD28348DEC0040DDC8 /* fiddleUITests */,
				9405D2E128348DEA0040DDC8 /* Products */,
			);
			sourceTree = "<group>";
		};
		9405D2E128348DEA0040DDC8 /* Products */ = {
			isa = PBXGroup;
			children = (
				9405D2E028348DEA0040DDC8 /* fiddle.app */,
				9405D2F028348DEC0040DDC8 /* fiddleTests.xctest */,
				9405D2FA28348DEC0040DDC8 /* fiddleUITests.xctest */,
			);
			name = Products;
			sourceTree = "<group>";
		};
		9405D2E228348DEA0040DDC8 /* fiddle */ = {
			isa = PBXGroup;
			children = (
				9405D2E328348DEA0040DDC8 /* fiddleApp.swift */,
				9405D2E528348DEA0040DDC8 /* ContentView.swift */,
				9405D2E728348DEB0040DDC8 /* Assets.xcassets */,
				9405D2E928348DEB0040DDC8 /* Preview Content */,
				9405D30D2835EBB10040DDC8 /* scratch.playground */,
			);
			path = fiddle;
			sourceTree = "<group>";
		};
		9405D2E928348DEB0040DDC8 /* Preview Content */ = {
			isa = PBXGroup;
			children = (
				9405D2EA28348DEB0040DDC8 /* Preview Assets.xcassets */,
			);
			path = "Preview Content";
			sourceTree = "<group>";
		};
		9405D2F328348DEC0040DDC8 /* fiddleTests */ = {
			isa = PBXGroup;
			children = (
				9405D2F428348DEC0040DDC8 /* fiddleTests.swift */,
			);
			path = fiddleTests;
			sourceTree = "<group>";
		};
		9405D2FD28348DEC0040DDC8 /* fiddleUITests */ = {
			isa = PBXGroup;
			children = (
				9405D2FE28348DEC0040DDC8 /* fiddleUITests.swift */,
				9405D30028348DEC0040DDC8 /* fiddleUITestsLaunchTests.swift */,
			);
			path = fiddleUITests;
			sourceTree = "<group>";
		};
/* End PBXGroup section */

/* Begin PBXNativeTarget section */
		9405D2DF28348DEA0040DDC8 /* fiddle */ = {
			isa = PBXNativeTarget;
			buildConfigurationList = 9405D30428348DEC0040DDC8 /* Build configuration list for PBXNativeTarget "fiddle" */;
			buildPhases = (
				9405D2DC28348DEA0040DDC8 /* Sources */,
				9405D2DD28348DEA0040DDC8 /* Frameworks */,
				9405D2DE28348DEA0040DDC8 /* Resources */,
			);
			buildRules = (
			);
			dependencies = (
			);
			name = fiddle;
			productName = fiddle;
			productReference = 9405D2E028348DEA0040DDC8 /* fiddle.app */;
			productType = "com.apple.product-type.application";
		};
		9405D2EF28348DEC0040DDC8 /* fiddleTests */ = {
			isa = PBXNativeTarget;
			buildConfigurationList = 9405D30728348DEC0040DDC8 /* Build configuration list for PBXNativeTarget "fiddleTests" */;
			buildPhases = (
				9405D2EC28348DEC0040DDC8 /* Sources */,
				9405D2ED28348DEC0040DDC8 /* Frameworks */,
				9405D2EE28348DEC0040DDC8 /* Resources */,
			);
			buildRules = (
			);
			dependencies = (
				9405D2F228348DEC0040DDC8 /* PBXTargetDependency */,
			);
			name = fiddleTests;
			productName = fiddleTests;
			productReference = 9405D2F028348DEC0040DDC8 /* fiddleTests.xctest */;
			productType = "com.apple.product-type.bundle.unit-test";
		};
		9405D2F928348DEC0040DDC8 /* fiddleUITests */ = {
			isa = PBXNativeTarget;
			buildConfigurationList = 9405D30A28348DEC0040DDC8 /* Build configuration list for PBXNativeTarget "fiddleUITests" */;
			buildPhases = (
				9405D2F628348DEC0040DDC8 /* Sources */,
				9405D2F728348DEC0040DDC8 /* Frameworks */,
				9405D2F828348DEC0040DDC8 /* Resources */,
			);
			buildRules = (
			);
			dependencies = (
				9405D2FC28348DEC0040DDC8 /* PBXTargetDependency */,
			);
			name = fiddleUITests;
			productName = fiddleUITests;
			productReference = 9405D2FA28348DEC0040DDC8 /* fiddleUITests.xctest */;
			productType = "com.apple.product-type.bundle.ui-testing";
		};
/* End PBXNativeTarget section */

/* Begin PBXProject section */
		9405D2D828348DEA0040DDC8 /* Project object */ = {
			isa = PBXProject;
			attributes = {
				BuildIndependentTargetsInParallel = 1;
				LastSwiftUpdateCheck = 1340;
				LastUpgradeCheck = 1340;
				TargetAttributes = {
					9405D2DF28348DEA0040DDC8 = {
						CreatedOnToolsVersion = 13.4;
					};
					9405D2EF28348DEC0040DDC8 = {
						CreatedOnToolsVersion = 13.4;
						TestTargetID = 9405D2DF28348DEA0040DDC8;
					};
					9405D2F928348DEC0040DDC8 = {
						CreatedOnToolsVersion = 13.4;
						TestTargetID = 9405D2DF28348DEA0040DDC8;
					};
				};
			};
			buildConfigurationList = 9405D2DB28348DEA0040DDC8 /* Build configuration list for PBXProject "fiddle" */;
			compatibilityVersion = "Xcode 13.0";
			developmentRegion = en;
			hasScannedForEncodings = 0;
			knownRegions = (
				en,
				Base,
			);
			mainGroup = 9405D2D728348DEA0040DDC8;
			productRefGroup = 9405D2E128348DEA0040DDC8 /* Products */;
			projectDirPath = "";
			projectRoot = "";
			targets = (
				9405D2DF28348DEA0040DDC8 /* fiddle */,
				9405D2EF28348DEC0040DDC8 /* fiddleTests */,
				9405D2F928348DEC0040DDC8 /* fiddleUITests */,
			);
		};
/* End PBXProject section */

/* Begin PBXResourcesBuildPhase section */
		9405D2DE28348DEA0040DDC8 /* Resources */ = {
			isa = PBXResourcesBuildPhase;
			buildActionMask = 2147483647;
			files = (
				9405D2EB28348DEB0040DDC8 /* Preview Assets.xcassets in Resources */,
				9405D2E828348DEB0040DDC8 /* Assets.xcassets in Resources */,
			);
			runOnlyForDeploymentPostprocessing = 0;
		};
		9405D2EE28348DEC0040DDC8 /* Resources */ = {
			isa = PBXResourcesBuildPhase;
			buildActionMask = 2147483647;
			files = (
			);
			runOnlyForDeploymentPostprocessing = 0;
		};
		9405D2F828348DEC0040DDC8 /* Resources */ = {
			isa = PBXResourcesBuildPhase;
			buildActionMask = 2147483647;
			files = (
			);
			runOnlyForDeploymentPostprocessing = 0;
		};
/* End PBXResourcesBuildPhase section */

/* Begin PBXSourcesBuildPhase section */
		9405D2DC28348DEA0040DDC8 /* Sources */ = {
			isa = PBXSourcesBuildPhase;
			buildActionMask = 2147483647;
			files = (
				9405D2E628348DEA0040DDC8 /* ContentView.swift in Sources */,
				9405D2E428348DEA0040DDC8 /* fiddleApp.swift in Sources */,
			);
			runOnlyForDeploymentPostprocessing = 0;
		};
		9405D2EC28348DEC0040DDC8 /* Sources */ = {
			isa = PBXSourcesBuildPhase;
			buildActionMask = 2147483647;
			files = (
				9405D2F528348DEC0040DDC8 /* fiddleTests.swift in Sources */,
			);
			runOnlyForDeploymentPostprocessing = 0;
		};
		9405D2F628348DEC0040DDC8 /* Sources */ = {
			isa = PBXSourcesBuildPhase;
			buildActionMask = 2147483647;
			files = (
				9405D30128348DEC0040DDC8 /* fiddleUITestsLaunchTests.swift in Sources */,
				9405D2FF28348DEC0040DDC8 /* fiddleUITests.swift in Sources */,
			);
			runOnlyForDeploymentPostprocessing = 0;
		};
/* End PBXSourcesBuildPhase section */

/* Begin PBXTargetDependency section */
		9405D2F228348DEC0040DDC8 /* PBXTargetDependency */ = {
			isa = PBXTargetDependency;
			target = 9405D2DF28348DEA0040DDC8 /* fiddle */;
			targetProxy = 9405D2F128348DEC0040DDC8 /* PBXContainerItemProxy */;
		};
		9405D2FC28348DEC0040DDC8 /* PBXTargetDependency */ = {
			isa = PBXTargetDependency;
			target = 9405D2DF28348DEA0040DDC8 /* fiddle */;
			targetProxy = 9405D2FB28348DEC0040DDC8 /* PBXContainerItemProxy */;
		};
/* End PBXTargetDependency section */

/* Begin XCBuildConfiguration section */
		9405D30228348DEC0040DDC8 /* Debug */ = {
			isa = XCBuildConfiguration;
			buildSettings = {
				ALWAYS_SEARCH_USER_PATHS = NO;
				CLANG_ANALYZER_NONNULL = YES;
				CLANG_ANALYZER_NUMBER_OBJECT_CONVERSION = YES_AGGRESSIVE;
				CLANG_CXX_LANGUAGE_STANDARD = "gnu++17";
				CLANG_ENABLE_MODULES = YES;
				CLANG_ENABLE_OBJC_ARC = YES;
				CLANG_ENABLE_OBJC_WEAK = YES;
				CLANG_WARN_BLOCK_CAPTURE_AUTORELEASING = YES;
				CLANG_WARN_BOOL_CONVERSION = YES;
				CLANG_WARN_COMMA = YES;
				CLANG_WARN_CONSTANT_CONVERSION = YES;
				CLANG_WARN_DEPRECATED_OBJC_IMPLEMENTATIONS = YES;
				CLANG_WARN_DIRECT_OBJC_ISA_USAGE = YES_ERROR;
				CLANG_WARN_DOCUMENTATION_COMMENTS = YES;
				CLANG_WARN_EMPTY_BODY = YES;
				CLANG_WARN_ENUM_CONVERSION = YES;
				CLANG_WARN_INFINITE_RECURSION = YES;
				CLANG_WARN_INT_CONVERSION = YES;
				CLANG_WARN_NON_LITERAL_NULL_CONVERSION = YES;
				CLANG_WARN_OBJC_IMPLICIT_RETAIN_SELF = YES;
				CLANG_WARN_OBJC_LITERAL_CONVERSION = YES;
				CLANG_WARN_OBJC_ROOT_CLASS = YES_ERROR;
				CLANG_WARN_QUOTED_INCLUDE_IN_FRAMEWORK_HEADER = YES;
				CLANG_WARN_RANGE_LOOP_ANALYSIS = YES;
				CLANG_WARN_STRICT_PROTOTYPES = YES;
				CLANG_WARN_SUSPICIOUS_MOVE = YES;
				CLANG_WARN_UNGUARDED_AVAILABILITY = YES_AGGRESSIVE;
				CLANG_WARN_UNREACHABLE_CODE = YES;
				CLANG_WARN__DUPLICATE_METHOD_MATCH = YES;
				COPY_PHASE_STRIP = NO;
				DEBUG_INFORMATION_FORMAT = dwarf;
				ENABLE_STRICT_OBJC_MSGSEND = YES;
				ENABLE_TESTABILITY = YES;
				GCC_C_LANGUAGE_STANDARD = gnu11;
				GCC_DYNAMIC_NO_PIC = NO;
				GCC_NO_COMMON_BLOCKS = YES;
				GCC_OPTIMIZATION_LEVEL = 0;
				GCC_PREPROCESSOR_DEFINITIONS = (
					"DEBUG=1",
					"$(inherited)",
				);
				GCC_WARN_64_TO_32_BIT_CONVERSION = YES;
				GCC_WARN_ABOUT_RETURN_TYPE = YES_ERROR;
				GCC_WARN_UNDECLARED_SELECTOR = YES;
				GCC_WARN_UNINITIALIZED_AUTOS = YES_AGGRESSIVE;
				GCC_WARN_UNUSED_FUNCTION = YES;
				GCC_WARN_UNUSED_VARIABLE = YES;
				IPHONEOS_DEPLOYMENT_TARGET = 15.5;
				MTL_ENABLE_DEBUG_INFO = INCLUDE_SOURCE;
				MTL_FAST_MATH = YES;
				ONLY_ACTIVE_ARCH = YES;
				SDKROOT = iphoneos;
				SWIFT_ACTIVE_COMPILATION_CONDITIONS = DEBUG;
				SWIFT_OPTIMIZATION_LEVEL = "-Onone";
			};
			name = Debug;
		};
		9405D30328348DEC0040DDC8 /* Release */ = {
			isa = XCBuildConfiguration;
			buildSettings = {
				ALWAYS_SEARCH_USER_PATHS = NO;
				CLANG_ANALYZER_NONNULL = YES;
				CLANG_ANALYZER_NUMBER_OBJECT_CONVERSION = YES_AGGRESSIVE;
				CLANG_CXX_LANGUAGE_STANDARD = "gnu++17";
				CLANG_ENABLE_MODULES = YES;
				CLANG_ENABLE_OBJC_ARC = YES;
				CLANG_ENABLE_OBJC_WEAK = YES;
				CLANG_WARN_BLOCK_CAPTURE_AUTORELEASING = YES;
				CLANG_WARN_BOOL_CONVERSION = YES;
				CLANG_WARN_COMMA = YES;
				CLANG_WARN_CONSTANT_CONVERSION = YES;
				CLANG_WARN_DEPRECATED_OBJC_IMPLEMENTATIONS = YES;
				CLANG_WARN_DIRECT_OBJC_ISA_USAGE = YES_ERROR;
				CLANG_WARN_DOCUMENTATION_COMMENTS = YES;
				CLANG_WARN_EMPTY_BODY = YES;
				CLANG_WARN_ENUM_CONVERSION = YES;
				CLANG_WARN_INFINITE_RECURSION = YES;
				CLANG_WARN_INT_CONVERSION = YES;
				CLANG_WARN_NON_LITERAL_NULL_CONVERSION = YES;
				CLANG_WARN_OBJC_IMPLICIT_RETAIN_SELF = YES;
				CLANG_WARN_OBJC_LITERAL_CONVERSION = YES;
				CLANG_WARN_OBJC_ROOT_CLASS = YES_ERROR;
				CLANG_WARN_QUOTED_INCLUDE_IN_FRAMEWORK_HEADER = YES;
				CLANG_WARN_RANGE_LOOP_ANALYSIS = YES;
				CLANG_WARN_STRICT_PROTOTYPES = YES;
				CLANG_WARN_SUSPICIOUS_MOVE = YES;
				CLANG_WARN_UNGUARDED_AVAILABILITY = YES_AGGRESSIVE;
				CLANG_WARN_UNREACHABLE_CODE = YES;
				CLANG_WARN__DUPLICATE_METHOD_MATCH = YES;
				COPY_PHASE_STRIP = NO;
				DEBUG_INFORMATION_FORMAT = "dwarf-with-dsym";
				ENABLE_NS_ASSERTIONS = NO;
				ENABLE_STRICT_OBJC_MSGSEND = YES;
				GCC_C_LANGUAGE_STANDARD = gnu11;
				GCC_NO_COMMON_BLOCKS = YES;
				GCC_WARN_64_TO_32_BIT_CONVERSION = YES;
				GCC_WARN_ABOUT_RETURN_TYPE = YES_ERROR;
				GCC_WARN_UNDECLARED_SELECTOR = YES;
				GCC_WARN_UNINITIALIZED_AUTOS = YES_AGGRESSIVE;
				GCC_WARN_UNUSED_FUNCTION = YES;
				GCC_WARN_UNUSED_VARIABLE = YES;
				IPHONEOS_DEPLOYMENT_TARGET = 15.5;
				MTL_ENABLE_DEBUG_INFO = NO;
				MTL_FAST_MATH = YES;
				SDKROOT = iphoneos;
				SWIFT_COMPILATION_MODE = wholemodule;
				SWIFT_OPTIMIZATION_LEVEL = "-O";
				VALIDATE_PRODUCT = YES;
			};
			name = Release;
		};
		9405D30528348DEC0040DDC8 /* Debug */ = {
			isa = XCBuildConfiguration;
			buildSettings = {
				ASSETCATALOG_COMPILER_APPICON_NAME = AppIcon;
				ASSETCATALOG_COMPILER_GLOBAL_ACCENT_COLOR_NAME = AccentColor;
				CODE_SIGN_STYLE = Automatic;
				CURRENT_PROJECT_VERSION = 1;
				DEVELOPMENT_ASSET_PATHS = "\"fiddle/Preview Content\"";
				DEVELOPMENT_TEAM = 3JXW3KKXU8;
				ENABLE_PREVIEWS = YES;
				GENERATE_INFOPLIST_FILE = YES;
				INFOPLIST_KEY_UIApplicationSceneManifest_Generation = YES;
				INFOPLIST_KEY_UIApplicationSupportsIndirectInputEvents = YES;
				INFOPLIST_KEY_UILaunchScreen_Generation = YES;
				INFOPLIST_KEY_UISupportedInterfaceOrientations_iPad = "UIInterfaceOrientationPortrait UIInterfaceOrientationPortraitUpsideDown UIInterfaceOrientationLandscapeLeft UIInterfaceOrientationLandscapeRight";
				INFOPLIST_KEY_UISupportedInterfaceOrientations_iPhone = "UIInterfaceOrientationPortrait UIInterfaceOrientationLandscapeLeft UIInterfaceOrientationLandscapeRight";
				LD_RUNPATH_SEARCH_PATHS = (
					"$(inherited)",
					"@executable_path/Frameworks",
				);
				MARKETING_VERSION = 1.0;
				PRODUCT_BUNDLE_IDENTIFIER = uk.romanch.fiddle;
				PRODUCT_NAME = "$(TARGET_NAME)";
				SWIFT_EMIT_LOC_STRINGS = YES;
				SWIFT_VERSION = 5.0;
				TARGETED_DEVICE_FAMILY = "1,2";
			};
			name = Debug;
		};
		9405D30628348DEC0040DDC8 /* Release */ = {
			isa = XCBuildConfiguration;
			buildSettings = {
				ASSETCATALOG_COMPILER_APPICON_NAME = AppIcon;
				ASSETCATALOG_COMPILER_GLOBAL_ACCENT_COLOR_NAME = AccentColor;
				CODE_SIGN_STYLE = Automatic;
				CURRENT_PROJECT_VERSION = 1;
				DEVELOPMENT_ASSET_PATHS = "\"fiddle/Preview Content\"";
				DEVELOPMENT_TEAM = 3JXW3KKXU8;
				ENABLE_PREVIEWS = YES;
				GENERATE_INFOPLIST_FILE = YES;
				INFOPLIST_KEY_UIApplicationSceneManifest_Generation = YES;
				INFOPLIST_KEY_UIApplicationSupportsIndirectInputEvents = YES;
				INFOPLIST_KEY_UILaunchScreen_Generation = YES;
				INFOPLIST_KEY_UISupportedInterfaceOrientations_iPad = "UIInterfaceOrientationPortrait UIInterfaceOrientationPortraitUpsideDown UIInterfaceOrientationLandscapeLeft UIInterfaceOrientationLandscapeRight";
				INFOPLIST_KEY_UISupportedInterfaceOrientations_iPhone = "UIInterfaceOrientationPortrait UIInterfaceOrientationLandscapeLeft UIInterfaceOrientationLandscapeRight";
				LD_RUNPATH_SEARCH_PATHS = (
					"$(inherited)",
					"@executable_path/Frameworks",
				);
				MARKETING_VERSION = 1.0;
				PRODUCT_BUNDLE_IDENTIFIER = uk.romanch.fiddle;
				PRODUCT_NAME = "$(TARGET_NAME)";
				SWIFT_EMIT_LOC_STRINGS = YES;
				SWIFT_VERSION = 5.0;
				TARGETED_DEVICE_FAMILY = "1,2";
			};
			name = Release;
		};
		9405D30828348DEC0040DDC8 /* Debug */ = {
			isa = XCBuildConfiguration;
			buildSettings = {
				ALWAYS_EMBED_SWIFT_STANDARD_LIBRARIES = YES;
				BUNDLE_LOADER = "$(TEST_HOST)";
				CODE_SIGN_STYLE = Automatic;
				CURRENT_PROJECT_VERSION = 1;
				DEVELOPMENT_TEAM = 3JXW3KKXU8;
				GENERATE_INFOPLIST_FILE = YES;
				IPHONEOS_DEPLOYMENT_TARGET = 15.5;
				MARKETING_VERSION = 1.0;
				PRODUCT_BUNDLE_IDENTIFIER = uk.romanch.fiddleTests;
				PRODUCT_NAME = "$(TARGET_NAME)";
				SWIFT_EMIT_LOC_STRINGS = NO;
				SWIFT_VERSION = 5.0;
				TARGETED_DEVICE_FAMILY = "1,2";
				TEST_HOST = "$(BUILT_PRODUCTS_DIR)/fiddle.app/fiddle";
			};
			name = Debug;
		};
		9405D30928348DEC0040DDC8 /* Release */ = {
			isa = XCBuildConfiguration;
			buildSettings = {
				ALWAYS_EMBED_SWIFT_STANDARD_LIBRARIES = YES;
				BUNDLE_LOADER = "$(TEST_HOST)";
				CODE_SIGN_STYLE = Automatic;
				CURRENT_PROJECT_VERSION = 1;
				DEVELOPMENT_TEAM = 3JXW3KKXU8;
				GENERATE_INFOPLIST_FILE = YES;
				IPHONEOS_DEPLOYMENT_TARGET = 15.5;
				MARKETING_VERSION = 1.0;
				PRODUCT_BUNDLE_IDENTIFIER = uk.romanch.fiddleTests;
				PRODUCT_NAME = "$(TARGET_NAME)";
				SWIFT_EMIT_LOC_STRINGS = NO;
				SWIFT_VERSION = 5.0;
				TARGETED_DEVICE_FAMILY = "1,2";
				TEST_HOST = "$(BUILT_PRODUCTS_DIR)/fiddle.app/fiddle";
			};
			name = Release;
		};
		9405D30B28348DEC0040DDC8 /* Debug */ = {
			isa = XCBuildConfiguration;
			buildSettings = {
				ALWAYS_EMBED_SWIFT_STANDARD_LIBRARIES = YES;
				CODE_SIGN_STYLE = Automatic;
				CURRENT_PROJECT_VERSION = 1;
				DEVELOPMENT_TEAM = 3JXW3KKXU8;
				GENERATE_INFOPLIST_FILE = YES;
				MARKETING_VERSION = 1.0;
				PRODUCT_BUNDLE_IDENTIFIER = uk.romanch.fiddleUITests;
				PRODUCT_NAME = "$(TARGET_NAME)";
				SWIFT_EMIT_LOC_STRINGS = NO;
				SWIFT_VERSION = 5.0;
				TARGETED_DEVICE_FAMILY = "1,2";
				TEST_TARGET_NAME = fiddle;
			};
			name = Debug;
		};
		9405D30C28348DEC0040DDC8 /* Release */ = {
			isa = XCBuildConfiguration;
			buildSettings = {
				ALWAYS_EMBED_SWIFT_STANDARD_LIBRARIES = YES;
				CODE_SIGN_STYLE = Automatic;
				CURRENT_PROJECT_VERSION = 1;
				DEVELOPMENT_TEAM = 3JXW3KKXU8;
				GENERATE_INFOPLIST_FILE = YES;
				MARKETING_VERSION = 1.0;
				PRODUCT_BUNDLE_IDENTIFIER = uk.romanch.fiddleUITests;
				PRODUCT_NAME = "$(TARGET_NAME)";
				SWIFT_EMIT_LOC_STRINGS = NO;
				SWIFT_VERSION = 5.0;
				TARGETED_DEVICE_FAMILY = "1,2";
				TEST_TARGET_NAME = fiddle;
			};
			name = Release;
		};
/* End XCBuildConfiguration section */

/* Begin XCConfigurationList section */
		9405D2DB28348DEA0040DDC8 /* Build configuration list for PBXProject "fiddle" */ = {
			isa = XCConfigurationList;
			buildConfigurations = (
				9405D30228348DEC0040DDC8 /* Debug */,
				9405D30328348DEC0040DDC8 /* Release */,
			);
			defaultConfigurationIsVisible = 0;
			defaultConfigurationName = Release;
		};
		9405D30428348DEC0040DDC8 /* Build configuration list for PBXNativeTarget "fiddle" */ = {
			isa = XCConfigurationList;
			buildConfigurations = (
				9405D30528348DEC0040DDC8 /* Debug */,
				9405D30628348DEC0040DDC8 /* Release */,
			);
			defaultConfigurationIsVisible = 0;
			defaultConfigurationName = Release;
		};
		9405D30728348DEC0040DDC8 /* Build configuration list for PBXNativeTarget "fiddleTests" */ = {
			isa = XCConfigurationList;
			buildConfigurations = (
				9405D30828348DEC0040DDC8 /* Debug */,
				9405D30928348DEC0040DDC8 /* Release */,
			);
			defaultConfigurationIsVisible = 0;
			defaultConfigurationName = Release;
		};
		9405D30A28348DEC0040DDC8 /* Build configuration list for PBXNativeTarget "fiddleUITests" */ = {
			isa = XCConfigurationList;
			buildConfigurations = (
				9405D30B28348DEC0040DDC8 /* Debug */,
				9405D30C28348DEC0040DDC8 /* Release */,
			);
			defaultConfigurationIsVisible = 0;
			defaultConfigurationName = Release;
		};
/* End XCConfigurationList section */
	};
	rootObject = 9405D2D828348DEA0040DDC8 /* Project object */;
}
