{
  "pins" : [
    {
      "identity" : "radar-sdk-ios",
      "kind" : "remoteSourceControl",
      "location" : "https://github.com/radarlabs/radar-sdk-ios",
      "state" : {
        "revision" : "75e82adab2f028cf7e9a30abf95f81ef4746708d",
        "version" : "3.5.3"
      }
    }
  ],
  "version" : 2
}
